
Microsoft Visual Studio Solution File, Format Version 12.00
# Visual Studio 15
VisualStudioVersion = 15.0.28307.960
MinimumVisualStudioVersion = 10.0.40219.1
Project("{2150E333-8FDC-42A3-9474-1A3956D46DE8}") = "Common", "Common", "{32B128CF-5CF9-43D4-8576-FAEE9C3C0F07}"
EndProject
Project("{2150E333-8FDC-42A3-9474-1A3956D46DE8}") = "Core", "Core", "{3A341238-61B7-415C-8EF0-261B47362700}"
EndProject
Project("{2150E333-8FDC-42A3-9474-1A3956D46DE8}") = "DataAccess", "DataAccess", "{9E259554-1EA6-4C05-95DD-01A2D15F7DA4}"
EndProject
Project("{2150E333-8FDC-42A3-9474-1A3956D46DE8}") = "MiddleWare", "MiddleWare", "{2B431E66-B65D-4333-9B8B-12734C27324E}"
EndProject
Project("{2150E333-8FDC-42A3-9474-1A3956D46DE8}") = "Main", "Main", "{DD46DC4B-A1E4-459A-8316-9E0B47F1B9BE}"
EndProject
Project("{9A19103F-16F7-4668-BE54-9A1E7A4F7556}") = "BackEnd.Model", "BackEnd.Model\BackEnd.Model.csproj", "{F4E6130D-061B-4C91-B448-25E909CA5321}"
EndProject
Project("{9A19103F-16F7-4668-BE54-9A1E7A4F7556}") = "BackEnd.IDA", "BackEnd.IDA\BackEnd.IDA.csproj", "{29A5461C-BBB7-42CB-B7FB-2BDD6BEF6E0C}"
EndProject
Project("{9A19103F-16F7-4668-BE54-9A1E7A4F7556}") = "BackEnd.MSSQL", "BackEnd.MSSQL\BackEnd.MSSQL.csproj", "{391F075B-61B2-4B99-94BC-A9B2555B93A4}"
EndProject
Project("{9A19103F-16F7-4668-BE54-9A1E7A4F7556}") = "BackEnd.MW", "BackEnd.MW\BackEnd.MW.csproj", "{45FA4CD7-5B20-4DDB-B00E-AE69D7B88BE8}"
EndProject
Project("{9A19103F-16F7-4668-BE54-9A1E7A4F7556}") = "BackEnd.Common", "BackEnd.Common\BackEnd.Common.csproj", "{D45FFA15-3F4C-4C52-9454-9CBC821AFF7B}"
EndProject
Project("{9A19103F-16F7-4668-BE54-9A1E7A4F7556}") = "BackEnd.API", "BackEnd.API\BackEnd.API.csproj", "{FC736205-87D9-434D-99AF-795B181DE8D8}"
EndProject
Global
	GlobalSection(SolutionConfigurationPlatforms) = preSolution
		Debug|Any CPU = Debug|Any CPU
		Release|Any CPU = Release|Any CPU
	EndGlobalSection
	GlobalSection(ProjectConfigurationPlatforms) = postSolution
		{F4E6130D-061B-4C91-B448-25E909CA5321}.Debug|Any CPU.ActiveCfg = Debug|Any CPU
		{F4E6130D-061B-4C91-B448-25E909CA5321}.Debug|Any CPU.Build.0 = Debug|Any CPU
		{F4E6130D-061B-4C91-B448-25E909CA5321}.Release|Any CPU.ActiveCfg = Release|Any CPU
		{F4E6130D-061B-4C91-B448-25E909CA5321}.Release|Any CPU.Build.0 = Release|Any CPU
		{29A5461C-BBB7-42CB-B7FB-2BDD6BEF6E0C}.Debug|Any CPU.ActiveCfg = Debug|Any CPU
		{29A5461C-BBB7-42CB-B7FB-2BDD6BEF6E0C}.Debug|Any CPU.Build.0 = Debug|Any CPU
		{29A5461C-BBB7-42CB-B7FB-2BDD6BEF6E0C}.Release|Any CPU.ActiveCfg = Release|Any CPU
		{29A5461C-BBB7-42CB-B7FB-2BDD6BEF6E0C}.Release|Any CPU.Build.0 = Release|Any CPU
		{391F075B-61B2-4B99-94BC-A9B2555B93A4}.Debug|Any CPU.ActiveCfg = Debug|Any CPU
		{391F075B-61B2-4B99-94BC-A9B2555B93A4}.Debug|Any CPU.Build.0 = Debug|Any CPU
		{391F075B-61B2-4B99-94BC-A9B2555B93A4}.Release|Any CPU.ActiveCfg = Release|Any CPU
		{391F075B-61B2-4B99-94BC-A9B2555B93A4}.Release|Any CPU.Build.0 = Release|Any CPU
		{45FA4CD7-5B20-4DDB-B00E-AE69D7B88BE8}.Debug|Any CPU.ActiveCfg = Debug|Any CPU
		{45FA4CD7-5B20-4DDB-B00E-AE69D7B88BE8}.Debug|Any CPU.Build.0 = Debug|Any CPU
		{45FA4CD7-5B20-4DDB-B00E-AE69D7B88BE8}.Release|Any CPU.ActiveCfg = Release|Any CPU
		{45FA4CD7-5B20-4DDB-B00E-AE69D7B88BE8}.Release|Any CPU.Build.0 = Release|Any CPU
		{D45FFA15-3F4C-4C52-9454-9CBC821AFF7B}.Debug|Any CPU.ActiveCfg = Debug|Any CPU
		{D45FFA15-3F4C-4C52-9454-9CBC821AFF7B}.Debug|Any CPU.Build.0 = Debug|Any CPU
		{D45FFA15-3F4C-4C52-9454-9CBC821AFF7B}.Release|Any CPU.ActiveCfg = Release|Any CPU
		{D45FFA15-3F4C-4C52-9454-9CBC821AFF7B}.Release|Any CPU.Build.0 = Release|Any CPU
		{FC736205-87D9-434D-99AF-795B181DE8D8}.Debug|Any CPU.ActiveCfg = Debug|Any CPU
		{FC736205-87D9-434D-99AF-795B181DE8D8}.Debug|Any CPU.Build.0 = Debug|Any CPU
		{FC736205-87D9-434D-99AF-795B181DE8D8}.Release|Any CPU.ActiveCfg = Release|Any CPU
		{FC736205-87D9-434D-99AF-795B181DE8D8}.Release|Any CPU.Build.0 = Release|Any CPU
	EndGlobalSection
	GlobalSection(SolutionProperties) = preSolution
		HideSolutionNode = FALSE
	EndGlobalSection
	GlobalSection(NestedProjects) = preSolution
		{F4E6130D-061B-4C91-B448-25E909CA5321} = {32B128CF-5CF9-43D4-8576-FAEE9C3C0F07}
		{29A5461C-BBB7-42CB-B7FB-2BDD6BEF6E0C} = {9E259554-1EA6-4C05-95DD-01A2D15F7DA4}
		{391F075B-61B2-4B99-94BC-A9B2555B93A4} = {9E259554-1EA6-4C05-95DD-01A2D15F7DA4}
		{45FA4CD7-5B20-4DDB-B00E-AE69D7B88BE8} = {2B431E66-B65D-4333-9B8B-12734C27324E}
		{D45FFA15-3F4C-4C52-9454-9CBC821AFF7B} = {32B128CF-5CF9-43D4-8576-FAEE9C3C0F07}
		{FC736205-87D9-434D-99AF-795B181DE8D8} = {DD46DC4B-A1E4-459A-8316-9E0B47F1B9BE}
	EndGlobalSection
	GlobalSection(ExtensibilityGlobals) = postSolution
		SolutionGuid = {EA343D1A-F00F-4A28-BC85-A1EE70A2E178}
	EndGlobalSection
EndGlobal
